
Microsoft Visual Studio Solution File, Format Version 12.00
# Visual Studio Version 16
VisualStudioVersion = 16.0.30621.155
MinimumVisualStudioVersion = 10.0.40219.1
Project("{8BC9CEB8-8B4A-11D0-8D11-00A0C91BC942}") = "ConsoleApplication", "ConsoleApplication\ConsoleApplication.vcxproj", "{A3A6D3A1-787C-4823-ABCC-C60455CBFD49}"
EndProject
Project("{8BC9CEB8-8B4A-11D0-8D11-00A0C91BC942}") = "npcap-SDK", "..\npcap-SDK\npcap-SDK.vcxproj", "{3D5CC542-7EC8-461F-AD9F-41AFAFB55F8C}"
EndProject
Global
	GlobalSection(SolutionConfigurationPlatforms) = preSolution
		Debug|x64 = Debug|x64
		Debug|x86 = Debug|x86
		Release|x64 = Release|x64
		Release|x86 = Release|x86
	EndGlobalSection
	GlobalSection(ProjectConfigurationPlatforms) = postSolution
		{A3A6D3A1-787C-4823-ABCC-C60455CBFD49}.Debug|x64.ActiveCfg = Debug|x64
		{A3A6D3A1-787C-4823-ABCC-C60455CBFD49}.Debug|x64.Build.0 = Debug|x64
		{A3A6D3A1-787C-4823-ABCC-C60455CBFD49}.Debug|x86.ActiveCfg = Debug|Win32
		{A3A6D3A1-787C-4823-ABCC-C60455CBFD49}.Debug|x86.Build.0 = Debug|Win32
		{A3A6D3A1-787C-4823-ABCC-C60455CBFD49}.Release|x64.ActiveCfg = Release|x64
		{A3A6D3A1-787C-4823-ABCC-C60455CBFD49}.Release|x64.Build.0 = Release|x64
		{A3A6D3A1-787C-4823-ABCC-C60455CBFD49}.Release|x86.ActiveCfg = Release|Win32
		{A3A6D3A1-787C-4823-ABCC-C60455CBFD49}.Release|x86.Build.0 = Release|Win32
		{3D5CC542-7EC8-461F-AD9F-41AFAFB55F8C}.Debug|x64.ActiveCfg = Debug|x64
		{3D5CC542-7EC8-461F-AD9F-41AFAFB55F8C}.Debug|x64.Build.0 = Debug|x64
		{3D5CC542-7EC8-461F-AD9F-41AFAFB55F8C}.Debug|x86.ActiveCfg = Debug|Win32
		{3D5CC542-7EC8-461F-AD9F-41AFAFB55F8C}.Debug|x86.Build.0 = Debug|Win32
		{3D5CC542-7EC8-461F-AD9F-41AFAFB55F8C}.Release|x64.ActiveCfg = Release|x64
		{3D5CC542-7EC8-461F-AD9F-41AFAFB55F8C}.Release|x64.Build.0 = Release|x64
		{3D5CC542-7EC8-461F-AD9F-41AFAFB55F8C}.Release|x86.ActiveCfg = Release|Win32
		{3D5CC542-7EC8-461F-AD9F-41AFAFB55F8C}.Release|x86.Build.0 = Release|Win32
	EndGlobalSection
	GlobalSection(SolutionProperties) = preSolution
		HideSolutionNode = FALSE
	EndGlobalSection
	GlobalSection(ExtensibilityGlobals) = postSolution
		SolutionGuid = {0E60B1C9-13DA-4732-A78F-EDE34246878A}
	EndGlobalSection
EndGlobal
